// !$*UTF8*$!
{
	archiveVersion = 1;
	classes = {
	};
	objectVersion = 56;
	objects = {

/* Begin PBXBuildFile section */
		3E96742BF2FD3205659B22B6 /* Pods_SSChatView.framework in Frameworks */ = {isa = PBXBuildFile; fileRef = 2E81F6983A9B9C90667DA8E9 /* Pods_SSChatView.framework */; };
		830233B42CC930B700E0CF18 /* ScrollViewOffsetPreferenceKey.swift in Sources */ = {isa = PBXBuildFile; fileRef = 830233B32CC930A200E0CF18 /* ScrollViewOffsetPreferenceKey.swift */; };
		8305D86D2CEB234D00283516 /* DateFormatter.swift in Sources */ = {isa = PBXBuildFile; fileRef = 8305D86C2CEB234900283516 /* DateFormatter.swift */; };
		830F60472BDFC6D200D93090 /* NoMessageView.swift in Sources */ = {isa = PBXBuildFile; fileRef = 830F60462BDFC6D200D93090 /* NoMessageView.swift */; };
		8326653C2CA923C3007A14C2 /* ChatShapePathManager.swift in Sources */ = {isa = PBXBuildFile; fileRef = 8326653B2CA923C0007A14C2 /* ChatShapePathManager.swift */; };
		833052FD2C9DA81800B8DF56 /* KeyboardReadable.swift in Sources */ = {isa = PBXBuildFile; fileRef = 833052FC2C9DA81500B8DF56 /* KeyboardReadable.swift */; };
		833053012C9DC29200B8DF56 /* MoveContentAboveKeyboard.swift in Sources */ = {isa = PBXBuildFile; fileRef = 833053002C9DC28F00B8DF56 /* MoveContentAboveKeyboard.swift */; };
		8336C9A72A60210F006D8431 /* SSChatViewApp.swift in Sources */ = {isa = PBXBuildFile; fileRef = 8336C9A62A60210F006D8431 /* SSChatViewApp.swift */; };
		8336C9A92A60210F006D8431 /* ContentView.swift in Sources */ = {isa = PBXBuildFile; fileRef = 8336C9A82A60210F006D8431 /* ContentView.swift */; };
		8336C9AE2A602110006D8431 /* Preview Assets.xcassets in Resources */ = {isa = PBXBuildFile; fileRef = 8336C9AD2A602110006D8431 /* Preview Assets.xcassets */; };
		8339ACB42A78CDD500D0BB42 /* AppConstants.swift in Sources */ = {isa = PBXBuildFile; fileRef = 8339ACB32A78CDD500D0BB42 /* AppConstants.swift */; };
		8339ACB62A78CE0000D0BB42 /* Localizable.strings in Resources */ = {isa = PBXBuildFile; fileRef = 8339ACB52A78CE0000D0BB42 /* Localizable.strings */; };
		8339ACC72A78E5A600D0BB42 /* Poppins-Medium.ttf in Resources */ = {isa = PBXBuildFile; fileRef = 8339ACC22A78E5A600D0BB42 /* Poppins-Medium.ttf */; };
		8339ACC82A78E5A600D0BB42 /* Poppins-Thin.ttf in Resources */ = {isa = PBXBuildFile; fileRef = 8339ACC32A78E5A600D0BB42 /* Poppins-Thin.ttf */; };
		8339ACC92A78E5A600D0BB42 /* Poppins-SemiBold.ttf in Resources */ = {isa = PBXBuildFile; fileRef = 8339ACC42A78E5A600D0BB42 /* Poppins-SemiBold.ttf */; };
		8339ACCA2A78E5A600D0BB42 /* Poppins-Bold.ttf in Resources */ = {isa = PBXBuildFile; fileRef = 8339ACC52A78E5A600D0BB42 /* Poppins-Bold.ttf */; };
		8339ACCB2A78E5A600D0BB42 /* Poppins-Regular.ttf in Resources */ = {isa = PBXBuildFile; fileRef = 8339ACC62A78E5A600D0BB42 /* Poppins-Regular.ttf */; };
		8339ACCE2A78E66200D0BB42 /* Font+Extension.swift in Sources */ = {isa = PBXBuildFile; fileRef = 8339ACCD2A78E66200D0BB42 /* Font+Extension.swift */; };
		83413A932C89FD8F000BEC2E /* DisabledWithOpacity.swift in Sources */ = {isa = PBXBuildFile; fileRef = 83413A922C89FD8F000BEC2E /* DisabledWithOpacity.swift */; };
		83413A952C8A1218000BEC2E /* Color+Extension.swift in Sources */ = {isa = PBXBuildFile; fileRef = 83413A942C8A1218000BEC2E /* Color+Extension.swift */; };
		8345379E2C897CD90022FD17 /* CircleCheckboxView.swift in Sources */ = {isa = PBXBuildFile; fileRef = 8345379D2C897CD90022FD17 /* CircleCheckboxView.swift */; };
		834537A02C897D6C0022FD17 /* MessageActionView.swift in Sources */ = {isa = PBXBuildFile; fileRef = 8345379F2C897D6C0022FD17 /* MessageActionView.swift */; };
		836A7C8D2CE7355E0018BC27 /* HeightTrackingModifier.swift in Sources */ = {isa = PBXBuildFile; fileRef = 836A7C8C2CE7355D0018BC27 /* HeightTrackingModifier.swift */; };
		836A7C892CE7257B0018BC27 /* HeightChangePublisher.swift in Sources */ = {isa = PBXBuildFile; fileRef = 836A7C882CE725790018BC27 /* HeightChangePublisher.swift */; };
		8371F1E32CA6B363000ED39A /* MessageFocusView.swift in Sources */ = {isa = PBXBuildFile; fileRef = 8371F1E22CA6B35F000ED39A /* MessageFocusView.swift */; };
		8371F1E52CA6CEB7000ED39A /* MessageFocusViewModel.swift in Sources */ = {isa = PBXBuildFile; fileRef = 8371F1E42CA6CEA7000ED39A /* MessageFocusViewModel.swift */; };
		8371F1E72CA726B5000ED39A /* CommonFunctions.swift in Sources */ = {isa = PBXBuildFile; fileRef = 8371F1E62CA726AB000ED39A /* CommonFunctions.swift */; };
		837EA8EE2B9106E2001578F3 /* ChatScreenViewModel.swift in Sources */ = {isa = PBXBuildFile; fileRef = 837EA8ED2B9106E2001578F3 /* ChatScreenViewModel.swift */; };
		839736692A78C7B50021D895 /* Assets.xcassets in Resources */ = {isa = PBXBuildFile; fileRef = 839736662A78C7B50021D895 /* Assets.xcassets */; };
		8397366A2A78C7B50021D895 /* Color.xcassets in Resources */ = {isa = PBXBuildFile; fileRef = 839736672A78C7B50021D895 /* Color.xcassets */; };
		83A3A9D42CCA22D900700A9E /* CustomScrollView.swift in Sources */ = {isa = PBXBuildFile; fileRef = 83A3A9D32CCA22D200700A9E /* CustomScrollView.swift */; };
		83B833F22CA5D77C00368600 /* MessageTextModifier.swift in Sources */ = {isa = PBXBuildFile; fileRef = 83B833F12CA5D77A00368600 /* MessageTextModifier.swift */; };
		83C3E4642B877E5600C51561 /* ChatScreenView.swift in Sources */ = {isa = PBXBuildFile; fileRef = 83C3E4632B877E5600C51561 /* ChatScreenView.swift */; };
		83C3E4682B87932F00C51561 /* R.generated.swift in Sources */ = {isa = PBXBuildFile; fileRef = 83C3E4672B87932F00C51561 /* R.generated.swift */; };
		83D46EBD2B8DF29B00D275FE /* CircleButtonWithPlusView.swift in Sources */ = {isa = PBXBuildFile; fileRef = 83D46EBC2B8DF29B00D275FE /* CircleButtonWithPlusView.swift */; };
		83D46EBF2B8DF2CD00D275FE /* CircleButtonWithSendView.swift in Sources */ = {isa = PBXBuildFile; fileRef = 83D46EBE2B8DF2CD00D275FE /* CircleButtonWithSendView.swift */; };
		83D46EC12B8DF2EC00D275FE /* MicView.swift in Sources */ = {isa = PBXBuildFile; fileRef = 83D46EC02B8DF2EC00D275FE /* MicView.swift */; };
		83D46EC32B8DF30900D275FE /* TextfieldView.swift in Sources */ = {isa = PBXBuildFile; fileRef = 83D46EC22B8DF30900D275FE /* TextfieldView.swift */; };
		83D46EC52B8DF36400D275FE /* ChatInputView.swift in Sources */ = {isa = PBXBuildFile; fileRef = 83D46EC42B8DF36400D275FE /* ChatInputView.swift */; };
		83D46EC92B8DFD5900D275FE /* MessageResponseModel.swift in Sources */ = {isa = PBXBuildFile; fileRef = 83D46EC82B8DFD5900D275FE /* MessageResponseModel.swift */; };
		83D46ECF2B8DFD7100D275FE /* MessageCell.swift in Sources */ = {isa = PBXBuildFile; fileRef = 83D46ECC2B8DFD7100D275FE /* MessageCell.swift */; };
		83D46ED02B8DFD7100D275FE /* MessageView.swift in Sources */ = {isa = PBXBuildFile; fileRef = 83D46ECD2B8DFD7100D275FE /* MessageView.swift */; };
		83E19DAE2CEC691D00DAC9B7 /* DateHeaderView.swift in Sources */ = {isa = PBXBuildFile; fileRef = 83E19DAD2CEC691B00DAC9B7 /* DateHeaderView.swift */; };
		83F177012C57C787005D3AC6 /* ProfileImageView.swift in Sources */ = {isa = PBXBuildFile; fileRef = 83F177002C57C787005D3AC6 /* ProfileImageView.swift */; };
/* End PBXBuildFile section */

/* Begin PBXFileReference section */
		1141773F72BF1AA1CBF1DF4D /* Pods-SSChatView.release.xcconfig */ = {isa = PBXFileReference; includeInIndex = 1; lastKnownFileType = text.xcconfig; name = "Pods-SSChatView.release.xcconfig"; path = "Target Support Files/Pods-SSChatView/Pods-SSChatView.release.xcconfig"; sourceTree = "<group>"; };
		2E81F6983A9B9C90667DA8E9 /* Pods_SSChatView.framework */ = {isa = PBXFileReference; explicitFileType = wrapper.framework; includeInIndex = 0; path = Pods_SSChatView.framework; sourceTree = BUILT_PRODUCTS_DIR; };
		830233B32CC930A200E0CF18 /* ScrollViewOffsetPreferenceKey.swift */ = {isa = PBXFileReference; lastKnownFileType = sourcecode.swift; path = ScrollViewOffsetPreferenceKey.swift; sourceTree = "<group>"; };
		8305D86C2CEB234900283516 /* DateFormatter.swift */ = {isa = PBXFileReference; lastKnownFileType = sourcecode.swift; path = DateFormatter.swift; sourceTree = "<group>"; };
		830F60462BDFC6D200D93090 /* NoMessageView.swift */ = {isa = PBXFileReference; lastKnownFileType = sourcecode.swift; path = NoMessageView.swift; sourceTree = "<group>"; };
		8326653B2CA923C0007A14C2 /* ChatShapePathManager.swift */ = {isa = PBXFileReference; lastKnownFileType = sourcecode.swift; path = ChatShapePathManager.swift; sourceTree = "<group>"; };
		833052FC2C9DA81500B8DF56 /* KeyboardReadable.swift */ = {isa = PBXFileReference; lastKnownFileType = sourcecode.swift; path = KeyboardReadable.swift; sourceTree = "<group>"; };
		833053002C9DC28F00B8DF56 /* MoveContentAboveKeyboard.swift */ = {isa = PBXFileReference; lastKnownFileType = sourcecode.swift; path = MoveContentAboveKeyboard.swift; sourceTree = "<group>"; };
		8336C9A32A60210F006D8431 /* SSChatView.app */ = {isa = PBXFileReference; explicitFileType = wrapper.application; includeInIndex = 0; path = SSChatView.app; sourceTree = BUILT_PRODUCTS_DIR; };
		8336C9A62A60210F006D8431 /* SSChatViewApp.swift */ = {isa = PBXFileReference; lastKnownFileType = sourcecode.swift; path = SSChatViewApp.swift; sourceTree = "<group>"; };
		8336C9A82A60210F006D8431 /* ContentView.swift */ = {isa = PBXFileReference; lastKnownFileType = sourcecode.swift; path = ContentView.swift; sourceTree = "<group>"; };
		8336C9AD2A602110006D8431 /* Preview Assets.xcassets */ = {isa = PBXFileReference; lastKnownFileType = folder.assetcatalog; path = "Preview Assets.xcassets"; sourceTree = "<group>"; };
		8339ACB32A78CDD500D0BB42 /* AppConstants.swift */ = {isa = PBXFileReference; lastKnownFileType = sourcecode.swift; path = AppConstants.swift; sourceTree = "<group>"; };
		8339ACB52A78CE0000D0BB42 /* Localizable.strings */ = {isa = PBXFileReference; lastKnownFileType = text.plist.strings; path = Localizable.strings; sourceTree = "<group>"; };
		8339ACC22A78E5A600D0BB42 /* Poppins-Medium.ttf */ = {isa = PBXFileReference; lastKnownFileType = file; path = "Poppins-Medium.ttf"; sourceTree = "<group>"; };
		8339ACC32A78E5A600D0BB42 /* Poppins-Thin.ttf */ = {isa = PBXFileReference; lastKnownFileType = file; path = "Poppins-Thin.ttf"; sourceTree = "<group>"; };
		8339ACC42A78E5A600D0BB42 /* Poppins-SemiBold.ttf */ = {isa = PBXFileReference; lastKnownFileType = file; path = "Poppins-SemiBold.ttf"; sourceTree = "<group>"; };
		8339ACC52A78E5A600D0BB42 /* Poppins-Bold.ttf */ = {isa = PBXFileReference; lastKnownFileType = file; path = "Poppins-Bold.ttf"; sourceTree = "<group>"; };
		8339ACC62A78E5A600D0BB42 /* Poppins-Regular.ttf */ = {isa = PBXFileReference; lastKnownFileType = file; path = "Poppins-Regular.ttf"; sourceTree = "<group>"; };
		8339ACCD2A78E66200D0BB42 /* Font+Extension.swift */ = {isa = PBXFileReference; fileEncoding = 4; lastKnownFileType = sourcecode.swift; path = "Font+Extension.swift"; sourceTree = "<group>"; };
		83413A922C89FD8F000BEC2E /* DisabledWithOpacity.swift */ = {isa = PBXFileReference; lastKnownFileType = sourcecode.swift; path = DisabledWithOpacity.swift; sourceTree = "<group>"; };
		83413A942C8A1218000BEC2E /* Color+Extension.swift */ = {isa = PBXFileReference; lastKnownFileType = sourcecode.swift; path = "Color+Extension.swift"; sourceTree = "<group>"; };
		8345379D2C897CD90022FD17 /* CircleCheckboxView.swift */ = {isa = PBXFileReference; lastKnownFileType = sourcecode.swift; path = CircleCheckboxView.swift; sourceTree = "<group>"; };
		8345379F2C897D6C0022FD17 /* MessageActionView.swift */ = {isa = PBXFileReference; lastKnownFileType = sourcecode.swift; path = MessageActionView.swift; sourceTree = "<group>"; };
		8360BAE12A791651002B0AEE /* Info.plist */ = {isa = PBXFileReference; lastKnownFileType = text.plist; path = Info.plist; sourceTree = "<group>"; };
		836A7C8C2CE7355D0018BC27 /* HeightTrackingModifier.swift */ = {isa = PBXFileReference; lastKnownFileType = sourcecode.swift; path = HeightTrackingModifier.swift; sourceTree = "<group>"; };
		836A7C882CE725790018BC27 /* HeightChangePublisher.swift */ = {isa = PBXFileReference; lastKnownFileType = sourcecode.swift; path = HeightChangePublisher.swift; sourceTree = "<group>"; };
		8371F1E22CA6B35F000ED39A /* MessageFocusView.swift */ = {isa = PBXFileReference; lastKnownFileType = sourcecode.swift; path = MessageFocusView.swift; sourceTree = "<group>"; };
		8371F1E42CA6CEA7000ED39A /* MessageFocusViewModel.swift */ = {isa = PBXFileReference; lastKnownFileType = sourcecode.swift; path = MessageFocusViewModel.swift; sourceTree = "<group>"; };
		8371F1E62CA726AB000ED39A /* CommonFunctions.swift */ = {isa = PBXFileReference; lastKnownFileType = sourcecode.swift; path = CommonFunctions.swift; sourceTree = "<group>"; };
		837EA8ED2B9106E2001578F3 /* ChatScreenViewModel.swift */ = {isa = PBXFileReference; lastKnownFileType = sourcecode.swift; path = ChatScreenViewModel.swift; sourceTree = "<group>"; };
		839736662A78C7B50021D895 /* Assets.xcassets */ = {isa = PBXFileReference; lastKnownFileType = folder.assetcatalog; path = Assets.xcassets; sourceTree = "<group>"; };
		839736672A78C7B50021D895 /* Color.xcassets */ = {isa = PBXFileReference; lastKnownFileType = folder.assetcatalog; path = Color.xcassets; sourceTree = "<group>"; };
		83A3A9D32CCA22D200700A9E /* CustomScrollView.swift */ = {isa = PBXFileReference; lastKnownFileType = sourcecode.swift; path = CustomScrollView.swift; sourceTree = "<group>"; };
		83B833F12CA5D77A00368600 /* MessageTextModifier.swift */ = {isa = PBXFileReference; lastKnownFileType = sourcecode.swift; path = MessageTextModifier.swift; sourceTree = "<group>"; };
		83C3E4632B877E5600C51561 /* ChatScreenView.swift */ = {isa = PBXFileReference; lastKnownFileType = sourcecode.swift; path = ChatScreenView.swift; sourceTree = "<group>"; };
		83C3E4672B87932F00C51561 /* R.generated.swift */ = {isa = PBXFileReference; fileEncoding = 4; lastKnownFileType = sourcecode.swift; path = R.generated.swift; sourceTree = "<group>"; };
		83D46EBC2B8DF29B00D275FE /* CircleButtonWithPlusView.swift */ = {isa = PBXFileReference; lastKnownFileType = sourcecode.swift; path = CircleButtonWithPlusView.swift; sourceTree = "<group>"; };
		83D46EBE2B8DF2CD00D275FE /* CircleButtonWithSendView.swift */ = {isa = PBXFileReference; lastKnownFileType = sourcecode.swift; path = CircleButtonWithSendView.swift; sourceTree = "<group>"; };
		83D46EC02B8DF2EC00D275FE /* MicView.swift */ = {isa = PBXFileReference; lastKnownFileType = sourcecode.swift; path = MicView.swift; sourceTree = "<group>"; };
		83D46EC22B8DF30900D275FE /* TextfieldView.swift */ = {isa = PBXFileReference; lastKnownFileType = sourcecode.swift; path = TextfieldView.swift; sourceTree = "<group>"; };
		83D46EC42B8DF36400D275FE /* ChatInputView.swift */ = {isa = PBXFileReference; lastKnownFileType = sourcecode.swift; path = ChatInputView.swift; sourceTree = "<group>"; };
		83D46EC82B8DFD5900D275FE /* MessageResponseModel.swift */ = {isa = PBXFileReference; fileEncoding = 4; lastKnownFileType = sourcecode.swift; path = MessageResponseModel.swift; sourceTree = "<group>"; };
		83D46ECC2B8DFD7100D275FE /* MessageCell.swift */ = {isa = PBXFileReference; fileEncoding = 4; lastKnownFileType = sourcecode.swift; path = MessageCell.swift; sourceTree = "<group>"; };
		83D46ECD2B8DFD7100D275FE /* MessageView.swift */ = {isa = PBXFileReference; fileEncoding = 4; lastKnownFileType = sourcecode.swift; path = MessageView.swift; sourceTree = "<group>"; };
		83E19DAD2CEC691B00DAC9B7 /* DateHeaderView.swift */ = {isa = PBXFileReference; lastKnownFileType = sourcecode.swift; path = DateHeaderView.swift; sourceTree = "<group>"; };
		83F177002C57C787005D3AC6 /* ProfileImageView.swift */ = {isa = PBXFileReference; lastKnownFileType = sourcecode.swift; path = ProfileImageView.swift; sourceTree = "<group>"; };
		E2F12E46BDDA97E2C2A2FA7C /* Pods-SSChatView.debug.xcconfig */ = {isa = PBXFileReference; includeInIndex = 1; lastKnownFileType = text.xcconfig; name = "Pods-SSChatView.debug.xcconfig"; path = "Target Support Files/Pods-SSChatView/Pods-SSChatView.debug.xcconfig"; sourceTree = "<group>"; };
/* End PBXFileReference section */

/* Begin PBXFrameworksBuildPhase section */
		8336C9A02A60210F006D8431 /* Frameworks */ = {
			isa = PBXFrameworksBuildPhase;
			buildActionMask = 2147483647;
			files = (
				3E96742BF2FD3205659B22B6 /* Pods_SSChatView.framework in Frameworks */,
			);
			runOnlyForDeploymentPostprocessing = 0;
		};
/* End PBXFrameworksBuildPhase section */

/* Begin PBXGroup section */
		8336C99A2A60210F006D8431 = {
			isa = PBXGroup;
			children = (
				8336C9A52A60210F006D8431 /* SSChatView */,
				8336C9A42A60210F006D8431 /* Products */,
				A41B9A4AD065F7E8169EDDA1 /* Pods */,
				89476420BA7024637795AE5C /* Frameworks */,
			);
			sourceTree = "<group>";
		};
		8336C9A42A60210F006D8431 /* Products */ = {
			isa = PBXGroup;
			children = (
				8336C9A32A60210F006D8431 /* SSChatView.app */,
			);
			name = Products;
			sourceTree = "<group>";
		};
		8336C9A52A60210F006D8431 /* SSChatView */ = {
			isa = PBXGroup;
			children = (
				8360BAE12A791651002B0AEE /* Info.plist */,
				8336C9A62A60210F006D8431 /* SSChatViewApp.swift */,
				8339ACCC2A78E65500D0BB42 /* Extensions */,
				83D46EC62B8DFD5900D275FE /* Models */,
				8339ACB72A78CF2C00D0BB42 /* UI */,
				8339ACB22A78CDC000D0BB42 /* Common */,
				839736652A78C7B50021D895 /* Resources */,
				8336C9AC2A602110006D8431 /* Preview Content */,
			);
			path = SSChatView;
			sourceTree = "<group>";
		};
		8336C9AC2A602110006D8431 /* Preview Content */ = {
			isa = PBXGroup;
			children = (
				8336C9AD2A602110006D8431 /* Preview Assets.xcassets */,
			);
			path = "Preview Content";
			sourceTree = "<group>";
		};
		8339ACB22A78CDC000D0BB42 /* Common */ = {
			isa = PBXGroup;
			children = (
				8305D86C2CEB234900283516 /* DateFormatter.swift */,
				836A7C8C2CE7355D0018BC27 /* HeightTrackingModifier.swift */,
				836A7C882CE725790018BC27 /* HeightChangePublisher.swift */,
				830233B32CC930A200E0CF18 /* ScrollViewOffsetPreferenceKey.swift */,
				8326653B2CA923C0007A14C2 /* ChatShapePathManager.swift */,
				8371F1E62CA726AB000ED39A /* CommonFunctions.swift */,
				83B833F12CA5D77A00368600 /* MessageTextModifier.swift */,
				833053002C9DC28F00B8DF56 /* MoveContentAboveKeyboard.swift */,
				833052FC2C9DA81500B8DF56 /* KeyboardReadable.swift */,
				8339ACB32A78CDD500D0BB42 /* AppConstants.swift */,
				83413A922C89FD8F000BEC2E /* DisabledWithOpacity.swift */,
			);
			path = Common;
			sourceTree = "<group>";
		};
		8339ACB72A78CF2C00D0BB42 /* UI */ = {
			isa = PBXGroup;
			children = (
				83D46EBA2B8DF25500D275FE /* Components */,
				839198C82B889EDC00C86901 /* ChatScreen */,
				8336C9A82A60210F006D8431 /* ContentView.swift */,
			);
			path = UI;
			sourceTree = "<group>";
		};
		8339ACCC2A78E65500D0BB42 /* Extensions */ = {
			isa = PBXGroup;
			children = (
				8339ACCD2A78E66200D0BB42 /* Font+Extension.swift */,
				83413A942C8A1218000BEC2E /* Color+Extension.swift */,
			);
			path = Extensions;
			sourceTree = "<group>";
		};
		8371F1E12CA6B353000ED39A /* MessageActionView */ = {
			isa = PBXGroup;
			children = (
				8371F1E42CA6CEA7000ED39A /* MessageFocusViewModel.swift */,
				8371F1E22CA6B35F000ED39A /* MessageFocusView.swift */,
			);
			path = MessageActionView;
			sourceTree = "<group>";
		};
		837EA8EF2B91D38A001578F3 /* ChatScreen */ = {
			isa = PBXGroup;
			children = (
				837EA8ED2B9106E2001578F3 /* ChatScreenViewModel.swift */,
			);
			path = ChatScreen;
			sourceTree = "<group>";
		};
		839198C82B889EDC00C86901 /* ChatScreen */ = {
			isa = PBXGroup;
			children = (
				83C3E4632B877E5600C51561 /* ChatScreenView.swift */,
			);
			path = ChatScreen;
			sourceTree = "<group>";
		};
		839736652A78C7B50021D895 /* Resources */ = {
			isa = PBXGroup;
			children = (
				83C3E4672B87932F00C51561 /* R.generated.swift */,
				839736662A78C7B50021D895 /* Assets.xcassets */,
				839736672A78C7B50021D895 /* Color.xcassets */,
				839736682A78C7B50021D895 /* Fonts */,
				8339ACB52A78CE0000D0BB42 /* Localizable.strings */,
			);
			name = Resources;
			path = SSChatView/Resources;
			sourceTree = SOURCE_ROOT;
		};
		839736682A78C7B50021D895 /* Fonts */ = {
			isa = PBXGroup;
			children = (
				8339ACC52A78E5A600D0BB42 /* Poppins-Bold.ttf */,
				8339ACC22A78E5A600D0BB42 /* Poppins-Medium.ttf */,
				8339ACC62A78E5A600D0BB42 /* Poppins-Regular.ttf */,
				8339ACC42A78E5A600D0BB42 /* Poppins-SemiBold.ttf */,
				8339ACC32A78E5A600D0BB42 /* Poppins-Thin.ttf */,
			);
			path = Fonts;
			sourceTree = "<group>";
		};
		83D46EBA2B8DF25500D275FE /* Components */ = {
			isa = PBXGroup;
			children = (
				83E19DAA2CEC68FD00DAC9B7 /* DateHeaderView */,
				8371F1E12CA6B353000ED39A /* MessageActionView */,
				83F176FF2C57C770005D3AC6 /* ProfileView */,
				83D46ECA2B8DFD7100D275FE /* Message */,
				83D46EBB2B8DF26100D275FE /* ChatInputView */,
			);
			path = Components;
			sourceTree = "<group>";
		};
		83D46EBB2B8DF26100D275FE /* ChatInputView */ = {
			isa = PBXGroup;
			children = (
				83D46EBC2B8DF29B00D275FE /* CircleButtonWithPlusView.swift */,
				83D46EBE2B8DF2CD00D275FE /* CircleButtonWithSendView.swift */,
				83D46EC02B8DF2EC00D275FE /* MicView.swift */,
				83D46EC22B8DF30900D275FE /* TextfieldView.swift */,
				83D46EC42B8DF36400D275FE /* ChatInputView.swift */,
			);
			path = ChatInputView;
			sourceTree = "<group>";
		};
		83D46EC62B8DFD5900D275FE /* Models */ = {
			isa = PBXGroup;
			children = (
				837EA8EF2B91D38A001578F3 /* ChatScreen */,
				83D46EC72B8DFD5900D275FE /* Message */,
			);
			path = Models;
			sourceTree = "<group>";
		};
		83D46EC72B8DFD5900D275FE /* Message */ = {
			isa = PBXGroup;
			children = (
				83D46EC82B8DFD5900D275FE /* MessageResponseModel.swift */,
			);
			path = Message;
			sourceTree = "<group>";
		};
		83D46ECA2B8DFD7100D275FE /* Message */ = {
			isa = PBXGroup;
			children = (
				83A3A9D32CCA22D200700A9E /* CustomScrollView.swift */,
				83D46ECC2B8DFD7100D275FE /* MessageCell.swift */,
				83D46ECD2B8DFD7100D275FE /* MessageView.swift */,
				830F60462BDFC6D200D93090 /* NoMessageView.swift */,
				8345379D2C897CD90022FD17 /* CircleCheckboxView.swift */,
				8345379F2C897D6C0022FD17 /* MessageActionView.swift */,
			);
			path = Message;
			sourceTree = "<group>";
		};
		83E19DAA2CEC68FD00DAC9B7 /* DateHeaderView */ = {
			isa = PBXGroup;
			children = (
				83E19DAD2CEC691B00DAC9B7 /* DateHeaderView.swift */,
			);
			path = DateHeaderView;
			sourceTree = "<group>";
		};
		83F176FF2C57C770005D3AC6 /* ProfileView */ = {
			isa = PBXGroup;
			children = (
				83F177002C57C787005D3AC6 /* ProfileImageView.swift */,
			);
			path = ProfileView;
			sourceTree = "<group>";
		};
		89476420BA7024637795AE5C /* Frameworks */ = {
			isa = PBXGroup;
			children = (
				2E81F6983A9B9C90667DA8E9 /* Pods_SSChatView.framework */,
			);
			name = Frameworks;
			sourceTree = "<group>";
		};
		A41B9A4AD065F7E8169EDDA1 /* Pods */ = {
			isa = PBXGroup;
			children = (
				E2F12E46BDDA97E2C2A2FA7C /* Pods-SSChatView.debug.xcconfig */,
				1141773F72BF1AA1CBF1DF4D /* Pods-SSChatView.release.xcconfig */,
			);
			path = Pods;
			sourceTree = "<group>";
		};
/* End PBXGroup section */

/* Begin PBXNativeTarget section */
		8336C9A22A60210F006D8431 /* SSChatView */ = {
			isa = PBXNativeTarget;
			buildConfigurationList = 8336C9B12A602110006D8431 /* Build configuration list for PBXNativeTarget "SSChatView" */;
			buildPhases = (
				73E42AEE1F012FBA2FA313A5 /* [CP] Check Pods Manifest.lock */,
				831C13CD2C5CDBF600E6208E /* SwiftLint Run Script */,
				839736632A78C49F0021D895 /* R.swift */,
				8336C99F2A60210F006D8431 /* Sources */,
				8336C9A02A60210F006D8431 /* Frameworks */,
				8336C9A12A60210F006D8431 /* Resources */,
				3D2F779582D5A245D808C706 /* [CP] Embed Pods Frameworks */,
			);
			buildRules = (
			);
			dependencies = (
			);
			name = SSChatView;
			productName = SSChatView;
			productReference = 8336C9A32A60210F006D8431 /* SSChatView.app */;
			productType = "com.apple.product-type.application";
		};
/* End PBXNativeTarget section */

/* Begin PBXProject section */
		8336C99B2A60210F006D8431 /* Project object */ = {
			isa = PBXProject;
			attributes = {
				BuildIndependentTargetsInParallel = 1;
				LastSwiftUpdateCheck = 1430;
				LastUpgradeCheck = 1430;
				TargetAttributes = {
					8336C9A22A60210F006D8431 = {
						CreatedOnToolsVersion = 14.3.1;
					};
				};
			};
			buildConfigurationList = 8336C99E2A60210F006D8431 /* Build configuration list for PBXProject "SSChatView" */;
			compatibilityVersion = "Xcode 14.0";
			developmentRegion = en;
			hasScannedForEncodings = 0;
			knownRegions = (
				en,
				Base,
			);
			mainGroup = 8336C99A2A60210F006D8431;
			productRefGroup = 8336C9A42A60210F006D8431 /* Products */;
			projectDirPath = "";
			projectRoot = "";
			targets = (
				8336C9A22A60210F006D8431 /* SSChatView */,
			);
		};
/* End PBXProject section */

/* Begin PBXResourcesBuildPhase section */
		8336C9A12A60210F006D8431 /* Resources */ = {
			isa = PBXResourcesBuildPhase;
			buildActionMask = 2147483647;
			files = (
				8336C9AE2A602110006D8431 /* Preview Assets.xcassets in Resources */,
				8339ACC92A78E5A600D0BB42 /* Poppins-SemiBold.ttf in Resources */,
				8339ACB62A78CE0000D0BB42 /* Localizable.strings in Resources */,
				8339ACCB2A78E5A600D0BB42 /* Poppins-Regular.ttf in Resources */,
				8339ACCA2A78E5A600D0BB42 /* Poppins-Bold.ttf in Resources */,
				8397366A2A78C7B50021D895 /* Color.xcassets in Resources */,
				8339ACC82A78E5A600D0BB42 /* Poppins-Thin.ttf in Resources */,
				839736692A78C7B50021D895 /* Assets.xcassets in Resources */,
				8339ACC72A78E5A600D0BB42 /* Poppins-Medium.ttf in Resources */,
			);
			runOnlyForDeploymentPostprocessing = 0;
		};
/* End PBXResourcesBuildPhase section */

/* Begin PBXShellScriptBuildPhase section */
		3D2F779582D5A245D808C706 /* [CP] Embed Pods Frameworks */ = {
			isa = PBXShellScriptBuildPhase;
			buildActionMask = 2147483647;
			files = (
			);
			inputFileListPaths = (
				"${PODS_ROOT}/Target Support Files/Pods-SSChatView/Pods-SSChatView-frameworks-${CONFIGURATION}-input-files.xcfilelist",
			);
			name = "[CP] Embed Pods Frameworks";
			outputFileListPaths = (
				"${PODS_ROOT}/Target Support Files/Pods-SSChatView/Pods-SSChatView-frameworks-${CONFIGURATION}-output-files.xcfilelist",
			);
			runOnlyForDeploymentPostprocessing = 0;
			shellPath = /bin/sh;
			shellScript = "\"${PODS_ROOT}/Target Support Files/Pods-SSChatView/Pods-SSChatView-frameworks.sh\"\n";
			showEnvVarsInLog = 0;
		};
		73E42AEE1F012FBA2FA313A5 /* [CP] Check Pods Manifest.lock */ = {
			isa = PBXShellScriptBuildPhase;
			buildActionMask = 2147483647;
			files = (
			);
			inputFileListPaths = (
			);
			inputPaths = (
				"${PODS_PODFILE_DIR_PATH}/Podfile.lock",
				"${PODS_ROOT}/Manifest.lock",
			);
			name = "[CP] Check Pods Manifest.lock";
			outputFileListPaths = (
			);
			outputPaths = (
				"$(DERIVED_FILE_DIR)/Pods-SSChatView-checkManifestLockResult.txt",
			);
			runOnlyForDeploymentPostprocessing = 0;
			shellPath = /bin/sh;
			shellScript = "diff \"${PODS_PODFILE_DIR_PATH}/Podfile.lock\" \"${PODS_ROOT}/Manifest.lock\" > /dev/null\nif [ $? != 0 ] ; then\n    # print error to STDERR\n    echo \"error: The sandbox is not in sync with the Podfile.lock. Run 'pod install' or update your CocoaPods installation.\" >&2\n    exit 1\nfi\n# This output is used by Xcode 'outputs' to avoid re-running this script phase.\necho \"SUCCESS\" > \"${SCRIPT_OUTPUT_FILE_0}\"\n";
			showEnvVarsInLog = 0;
		};
		831C13CD2C5CDBF600E6208E /* SwiftLint Run Script */ = {
			isa = PBXShellScriptBuildPhase;
			buildActionMask = 2147483647;
			files = (
			);
			inputFileListPaths = (
			);
			inputPaths = (
			);
			name = "SwiftLint Run Script";
			outputFileListPaths = (
			);
			outputPaths = (
			);
			runOnlyForDeploymentPostprocessing = 0;
			shellPath = /bin/sh;
			shellScript = "# Type a script or drag a script file from your workspace to insert its path.\n \"${PODS_ROOT}/SwiftLint/swiftlint\"\n";
		};
		839736632A78C49F0021D895 /* R.swift */ = {
			isa = PBXShellScriptBuildPhase;
			buildActionMask = 2147483647;
			files = (
			);
			inputFileListPaths = (
			);
			inputPaths = (
			);
			name = R.swift;
			outputFileListPaths = (
			);
			outputPaths = (
				$SRCROOT/SSChatView/Resources/R.generated.swift,
			);
			runOnlyForDeploymentPostprocessing = 0;
			shellPath = /bin/sh;
			shellScript = "\"$PODS_ROOT/R.swift/rswift\" generate \"$SRCROOT/SSChatView/Resources/R.generated.swift\"\n";
		};
/* End PBXShellScriptBuildPhase section */

/* Begin PBXSourcesBuildPhase section */
		8336C99F2A60210F006D8431 /* Sources */ = {
			isa = PBXSourcesBuildPhase;
			buildActionMask = 2147483647;
			files = (
				837EA8EE2B9106E2001578F3 /* ChatScreenViewModel.swift in Sources */,
				83D46EBF2B8DF2CD00D275FE /* CircleButtonWithSendView.swift in Sources */,
				830233B42CC930B700E0CF18 /* ScrollViewOffsetPreferenceKey.swift in Sources */,
				83F177012C57C787005D3AC6 /* ProfileImageView.swift in Sources */,
				8336C9A92A60210F006D8431 /* ContentView.swift in Sources */,
				8339ACCE2A78E66200D0BB42 /* Font+Extension.swift in Sources */,
				83D46EC12B8DF2EC00D275FE /* MicView.swift in Sources */,
				833053012C9DC29200B8DF56 /* MoveContentAboveKeyboard.swift in Sources */,
				83E19DAE2CEC691D00DAC9B7 /* DateHeaderView.swift in Sources */,
				8336C9A72A60210F006D8431 /* SSChatViewApp.swift in Sources */,
				830F60472BDFC6D200D93090 /* NoMessageView.swift in Sources */,
				83D46EBD2B8DF29B00D275FE /* CircleButtonWithPlusView.swift in Sources */,
				83B833F22CA5D77C00368600 /* MessageTextModifier.swift in Sources */,
				83D46EC52B8DF36400D275FE /* ChatInputView.swift in Sources */,
				83C3E4642B877E5600C51561 /* ChatScreenView.swift in Sources */,
				836A7C8D2CE7355E0018BC27 /* HeightTrackingModifier.swift in Sources */,
				83A3A9D42CCA22D900700A9E /* CustomScrollView.swift in Sources */,
				8371F1E52CA6CEB7000ED39A /* MessageFocusViewModel.swift in Sources */,
				834537A02C897D6C0022FD17 /* MessageActionView.swift in Sources */,
				8345379E2C897CD90022FD17 /* CircleCheckboxView.swift in Sources */,
				83413A932C89FD8F000BEC2E /* DisabledWithOpacity.swift in Sources */,
				8326653C2CA923C3007A14C2 /* ChatShapePathManager.swift in Sources */,
				83D46ED02B8DFD7100D275FE /* MessageView.swift in Sources */,
				8339ACB42A78CDD500D0BB42 /* AppConstants.swift in Sources */,
				833052FD2C9DA81800B8DF56 /* KeyboardReadable.swift in Sources */,
				8371F1E72CA726B5000ED39A /* CommonFunctions.swift in Sources */,
				83D46EC32B8DF30900D275FE /* TextfieldView.swift in Sources */,
				83D46EC92B8DFD5900D275FE /* MessageResponseModel.swift in Sources */,
				8305D86D2CEB234D00283516 /* DateFormatter.swift in Sources */,
				8371F1E32CA6B363000ED39A /* MessageFocusView.swift in Sources */,
				836A7C892CE7257B0018BC27 /* HeightChangePublisher.swift in Sources */,
				83C3E4682B87932F00C51561 /* R.generated.swift in Sources */,
				83D46ECF2B8DFD7100D275FE /* MessageCell.swift in Sources */,
				83413A952C8A1218000BEC2E /* Color+Extension.swift in Sources */,
			);
			runOnlyForDeploymentPostprocessing = 0;
		};
/* End PBXSourcesBuildPhase section */

/* Begin XCBuildConfiguration section */
		8336C9AF2A602110006D8431 /* Debug */ = {
			isa = XCBuildConfiguration;
			buildSettings = {
				ALWAYS_SEARCH_USER_PATHS = NO;
				CLANG_ANALYZER_NONNULL = YES;
				CLANG_ANALYZER_NUMBER_OBJECT_CONVERSION = YES_AGGRESSIVE;
				CLANG_CXX_LANGUAGE_STANDARD = "gnu++20";
				CLANG_ENABLE_MODULES = YES;
				CLANG_ENABLE_OBJC_ARC = YES;
				CLANG_ENABLE_OBJC_WEAK = YES;
				CLANG_WARN_BLOCK_CAPTURE_AUTORELEASING = YES;
				CLANG_WARN_BOOL_CONVERSION = YES;
				CLANG_WARN_COMMA = YES;
				CLANG_WARN_CONSTANT_CONVERSION = YES;
				CLANG_WARN_DEPRECATED_OBJC_IMPLEMENTATIONS = YES;
				CLANG_WARN_DIRECT_OBJC_ISA_USAGE = YES_ERROR;
				CLANG_WARN_DOCUMENTATION_COMMENTS = YES;
				CLANG_WARN_EMPTY_BODY = YES;
				CLANG_WARN_ENUM_CONVERSION = YES;
				CLANG_WARN_INFINITE_RECURSION = YES;
				CLANG_WARN_INT_CONVERSION = YES;
				CLANG_WARN_NON_LITERAL_NULL_CONVERSION = YES;
				CLANG_WARN_OBJC_IMPLICIT_RETAIN_SELF = YES;
				CLANG_WARN_OBJC_LITERAL_CONVERSION = YES;
				CLANG_WARN_OBJC_ROOT_CLASS = YES_ERROR;
				CLANG_WARN_QUOTED_INCLUDE_IN_FRAMEWORK_HEADER = YES;
				CLANG_WARN_RANGE_LOOP_ANALYSIS = YES;
				CLANG_WARN_STRICT_PROTOTYPES = YES;
				CLANG_WARN_SUSPICIOUS_MOVE = YES;
				CLANG_WARN_UNGUARDED_AVAILABILITY = YES_AGGRESSIVE;
				CLANG_WARN_UNREACHABLE_CODE = YES;
				CLANG_WARN__DUPLICATE_METHOD_MATCH = YES;
				COPY_PHASE_STRIP = NO;
				DEBUG_INFORMATION_FORMAT = dwarf;
				ENABLE_STRICT_OBJC_MSGSEND = YES;
				ENABLE_TESTABILITY = YES;
				GCC_C_LANGUAGE_STANDARD = gnu11;
				GCC_DYNAMIC_NO_PIC = NO;
				GCC_NO_COMMON_BLOCKS = YES;
				GCC_OPTIMIZATION_LEVEL = 0;
				GCC_PREPROCESSOR_DEFINITIONS = (
					"DEBUG=1",
					"$(inherited)",
				);
				GCC_WARN_64_TO_32_BIT_CONVERSION = YES;
				GCC_WARN_ABOUT_RETURN_TYPE = YES_ERROR;
				GCC_WARN_UNDECLARED_SELECTOR = YES;
				GCC_WARN_UNINITIALIZED_AUTOS = YES_AGGRESSIVE;
				GCC_WARN_UNUSED_FUNCTION = YES;
				GCC_WARN_UNUSED_VARIABLE = YES;
				IPHONEOS_DEPLOYMENT_TARGET = 16.4;
				MTL_ENABLE_DEBUG_INFO = INCLUDE_SOURCE;
				MTL_FAST_MATH = YES;
				ONLY_ACTIVE_ARCH = YES;
				SDKROOT = iphoneos;
				SWIFT_ACTIVE_COMPILATION_CONDITIONS = DEBUG;
				SWIFT_OPTIMIZATION_LEVEL = "-Onone";
			};
			name = Debug;
		};
		8336C9B02A602110006D8431 /* Release */ = {
			isa = XCBuildConfiguration;
			buildSettings = {
				ALWAYS_SEARCH_USER_PATHS = NO;
				CLANG_ANALYZER_NONNULL = YES;
				CLANG_ANALYZER_NUMBER_OBJECT_CONVERSION = YES_AGGRESSIVE;
				CLANG_CXX_LANGUAGE_STANDARD = "gnu++20";
				CLANG_ENABLE_MODULES = YES;
				CLANG_ENABLE_OBJC_ARC = YES;
				CLANG_ENABLE_OBJC_WEAK = YES;
				CLANG_WARN_BLOCK_CAPTURE_AUTORELEASING = YES;
				CLANG_WARN_BOOL_CONVERSION = YES;
				CLANG_WARN_COMMA = YES;
				CLANG_WARN_CONSTANT_CONVERSION = YES;
				CLANG_WARN_DEPRECATED_OBJC_IMPLEMENTATIONS = YES;
				CLANG_WARN_DIRECT_OBJC_ISA_USAGE = YES_ERROR;
				CLANG_WARN_DOCUMENTATION_COMMENTS = YES;
				CLANG_WARN_EMPTY_BODY = YES;
				CLANG_WARN_ENUM_CONVERSION = YES;
				CLANG_WARN_INFINITE_RECURSION = YES;
				CLANG_WARN_INT_CONVERSION = YES;
				CLANG_WARN_NON_LITERAL_NULL_CONVERSION = YES;
				CLANG_WARN_OBJC_IMPLICIT_RETAIN_SELF = YES;
				CLANG_WARN_OBJC_LITERAL_CONVERSION = YES;
				CLANG_WARN_OBJC_ROOT_CLASS = YES_ERROR;
				CLANG_WARN_QUOTED_INCLUDE_IN_FRAMEWORK_HEADER = YES;
				CLANG_WARN_RANGE_LOOP_ANALYSIS = YES;
				CLANG_WARN_STRICT_PROTOTYPES = YES;
				CLANG_WARN_SUSPICIOUS_MOVE = YES;
				CLANG_WARN_UNGUARDED_AVAILABILITY = YES_AGGRESSIVE;
				CLANG_WARN_UNREACHABLE_CODE = YES;
				CLANG_WARN__DUPLICATE_METHOD_MATCH = YES;
				COPY_PHASE_STRIP = NO;
				DEBUG_INFORMATION_FORMAT = "dwarf-with-dsym";
				ENABLE_NS_ASSERTIONS = NO;
				ENABLE_STRICT_OBJC_MSGSEND = YES;
				GCC_C_LANGUAGE_STANDARD = gnu11;
				GCC_NO_COMMON_BLOCKS = YES;
				GCC_WARN_64_TO_32_BIT_CONVERSION = YES;
				GCC_WARN_ABOUT_RETURN_TYPE = YES_ERROR;
				GCC_WARN_UNDECLARED_SELECTOR = YES;
				GCC_WARN_UNINITIALIZED_AUTOS = YES_AGGRESSIVE;
				GCC_WARN_UNUSED_FUNCTION = YES;
				GCC_WARN_UNUSED_VARIABLE = YES;
				IPHONEOS_DEPLOYMENT_TARGET = 16.4;
				MTL_ENABLE_DEBUG_INFO = NO;
				MTL_FAST_MATH = YES;
				SDKROOT = iphoneos;
				SWIFT_COMPILATION_MODE = wholemodule;
				SWIFT_OPTIMIZATION_LEVEL = "-O";
				VALIDATE_PRODUCT = YES;
			};
			name = Release;
		};
		8336C9B22A602110006D8431 /* Debug */ = {
			isa = XCBuildConfiguration;
			baseConfigurationReference = E2F12E46BDDA97E2C2A2FA7C /* Pods-SSChatView.debug.xcconfig */;
			buildSettings = {
				ASSETCATALOG_COMPILER_APPICON_NAME = AppIcon;
				ASSETCATALOG_COMPILER_GLOBAL_ACCENT_COLOR_NAME = AccentColor;
				ASSETCATALOG_COMPILER_INCLUDE_ALL_APPICON_ASSETS = NO;
				CODE_SIGN_STYLE = Automatic;
				CURRENT_PROJECT_VERSION = 1;
				DEVELOPMENT_ASSET_PATHS = "\"SSChatView/Preview Content\"";
				DEVELOPMENT_TEAM = K7XJG666ZW;
				ENABLE_PREVIEWS = YES;
				GENERATE_INFOPLIST_FILE = YES;
				INFOPLIST_FILE = SSChatView/Info.plist;
				INFOPLIST_KEY_UIApplicationSceneManifest_Generation = YES;
				INFOPLIST_KEY_UIApplicationSupportsIndirectInputEvents = YES;
				INFOPLIST_KEY_UILaunchScreen_Generation = YES;
				INFOPLIST_KEY_UISupportedInterfaceOrientations_iPad = "UIInterfaceOrientationPortrait UIInterfaceOrientationPortraitUpsideDown UIInterfaceOrientationLandscapeLeft UIInterfaceOrientationLandscapeRight";
				INFOPLIST_KEY_UISupportedInterfaceOrientations_iPhone = "UIInterfaceOrientationPortrait UIInterfaceOrientationLandscapeLeft UIInterfaceOrientationLandscapeRight";
				LD_RUNPATH_SEARCH_PATHS = (
					"$(inherited)",
					"@executable_path/Frameworks",
				);
				MARKETING_VERSION = 1.0;
				PRODUCT_BUNDLE_IDENTIFIER = com.Simform.SSChatView;
				PRODUCT_NAME = "$(TARGET_NAME)";
				SWIFT_EMIT_LOC_STRINGS = YES;
				SWIFT_VERSION = 5.0;
				TARGETED_DEVICE_FAMILY = "1,2";
			};
			name = Debug;
		};
		8336C9B32A602110006D8431 /* Release */ = {
			isa = XCBuildConfiguration;
			baseConfigurationReference = 1141773F72BF1AA1CBF1DF4D /* Pods-SSChatView.release.xcconfig */;
			buildSettings = {
				ASSETCATALOG_COMPILER_APPICON_NAME = AppIcon;
				ASSETCATALOG_COMPILER_GLOBAL_ACCENT_COLOR_NAME = AccentColor;
				ASSETCATALOG_COMPILER_INCLUDE_ALL_APPICON_ASSETS = NO;
				CODE_SIGN_STYLE = Automatic;
				CURRENT_PROJECT_VERSION = 1;
				DEVELOPMENT_ASSET_PATHS = "\"SSChatView/Preview Content\"";
				DEVELOPMENT_TEAM = K7XJG666ZW;
				ENABLE_PREVIEWS = YES;
				GENERATE_INFOPLIST_FILE = YES;
				INFOPLIST_FILE = SSChatView/Info.plist;
				INFOPLIST_KEY_UIApplicationSceneManifest_Generation = YES;
				INFOPLIST_KEY_UIApplicationSupportsIndirectInputEvents = YES;
				INFOPLIST_KEY_UILaunchScreen_Generation = YES;
				INFOPLIST_KEY_UISupportedInterfaceOrientations_iPad = "UIInterfaceOrientationPortrait UIInterfaceOrientationPortraitUpsideDown UIInterfaceOrientationLandscapeLeft UIInterfaceOrientationLandscapeRight";
				INFOPLIST_KEY_UISupportedInterfaceOrientations_iPhone = "UIInterfaceOrientationPortrait UIInterfaceOrientationLandscapeLeft UIInterfaceOrientationLandscapeRight";
				LD_RUNPATH_SEARCH_PATHS = (
					"$(inherited)",
					"@executable_path/Frameworks",
				);
				MARKETING_VERSION = 1.0;
				PRODUCT_BUNDLE_IDENTIFIER = com.Simform.SSChatView;
				PRODUCT_NAME = "$(TARGET_NAME)";
				SWIFT_EMIT_LOC_STRINGS = YES;
				SWIFT_VERSION = 5.0;
				TARGETED_DEVICE_FAMILY = "1,2";
			};
			name = Release;
		};
/* End XCBuildConfiguration section */

/* Begin XCConfigurationList section */
		8336C99E2A60210F006D8431 /* Build configuration list for PBXProject "SSChatView" */ = {
			isa = XCConfigurationList;
			buildConfigurations = (
				8336C9AF2A602110006D8431 /* Debug */,
				8336C9B02A602110006D8431 /* Release */,
			);
			defaultConfigurationIsVisible = 0;
			defaultConfigurationName = Release;
		};
		8336C9B12A602110006D8431 /* Build configuration list for PBXNativeTarget "SSChatView" */ = {
			isa = XCConfigurationList;
			buildConfigurations = (
				8336C9B22A602110006D8431 /* Debug */,
				8336C9B32A602110006D8431 /* Release */,
			);
			defaultConfigurationIsVisible = 0;
			defaultConfigurationName = Release;
		};
/* End XCConfigurationList section */
	};
	rootObject = 8336C99B2A60210F006D8431 /* Project object */;
}
