// !$*UTF8*$!
{
	archiveVersion = 1;
	classes = {
	};
	objectVersion = 60;
	objects = {

/* Begin PBXBuildFile section */
		8319D5F62DB5069900A38895 /* ChatViewModel.swift in Sources */ = {isa = PBXBuildFile; fileRef = 8319D5F52DB5069100A38895 /* ChatViewModel.swift */; };
		8336C9A72A60210F006D8431 /* SSChatViewApp.swift in Sources */ = {isa = PBXBuildFile; fileRef = 8336C9A62A60210F006D8431 /* SSChatViewApp.swift */; };
		8336C9AE2A602110006D8431 /* Preview Assets.xcassets in Resources */ = {isa = PBXBuildFile; fileRef = 8336C9AD2A602110006D8431 /* Preview Assets.xcassets */; };
		83567EFB2DA8ED5600DFED9F /* ContentView.swift in Sources */ = {isa = PBXBuildFile; fileRef = 83567EFA2DA8ED5600DFED9F /* ContentView.swift */; };
		83A41DC92DACD72900A39C9F /* RswiftLibrary in Frameworks */ = {isa = PBXBuildFile; productRef = 83A41DC82DACD72900A39C9F /* RswiftLibrary */; };
		83A647212DB9797B0051B887 /* SSChatview in Frameworks */ = {isa = PBXBuildFile; productRef = 83A647202DB9797B0051B887 /* SSChatview */; };
		83AC64CA2DA917EC00C7CABF /* Localizable.strings in Resources */ = {isa = PBXBuildFile; fileRef = 83AC64C72DA917EC00C7CABF /* Localizable.strings */; };
		83AC64CB2DA917EC00C7CABF /* Poppins-Regular.ttf in Resources */ = {isa = PBXBuildFile; fileRef = 83AC64C12DA917EC00C7CABF /* Poppins-Regular.ttf */; };
		83AC64CC2DA917EC00C7CABF /* Poppins-Thin.ttf in Resources */ = {isa = PBXBuildFile; fileRef = 83AC64C32DA917EC00C7CABF /* Poppins-Thin.ttf */; };
		83AC64CD2DA917EC00C7CABF /* Poppins-SemiBold.ttf in Resources */ = {isa = PBXBuildFile; fileRef = 83AC64C22DA917EC00C7CABF /* Poppins-SemiBold.ttf */; };
		83AC64CE2DA917EC00C7CABF /* Poppins-Bold.ttf in Resources */ = {isa = PBXBuildFile; fileRef = 83AC64BF2DA917EC00C7CABF /* Poppins-Bold.ttf */; };
		83AC64CF2DA917EC00C7CABF /* Color.xcassets in Resources */ = {isa = PBXBuildFile; fileRef = 83AC64C62DA917EC00C7CABF /* Color.xcassets */; };
		83AC64D02DA917EC00C7CABF /* Poppins-Medium.ttf in Resources */ = {isa = PBXBuildFile; fileRef = 83AC64C02DA917EC00C7CABF /* Poppins-Medium.ttf */; };
		83AC64D12DA917EC00C7CABF /* Assets.xcassets in Resources */ = {isa = PBXBuildFile; fileRef = 83AC64C52DA917EC00C7CABF /* Assets.xcassets */; };
		83D116982DB83BA60051A682 /* Constants.swift in Sources */ = {isa = PBXBuildFile; fileRef = 83D116972DB83BA00051A682 /* Constants.swift */; };
		83D150142DC0B603003BC990 /* ChatMessagesData.swift in Sources */ = {isa = PBXBuildFile; fileRef = 83D150132DC0B5FD003BC990 /* ChatMessagesData.swift */; };
		83D1501F2DC0C3A8003BC990 /* DateExtension.swift in Sources */ = {isa = PBXBuildFile; fileRef = 83D1501E2DC0C398003BC990 /* DateExtension.swift */; };
		83EB089C2DAFA0C100A6781E /* CustomImageAssets.swift in Sources */ = {isa = PBXBuildFile; fileRef = 83EB089B2DAFA0BB00A6781E /* CustomImageAssets.swift */; };
		83F369C82DAFBF9B009772EC /* CustomColorPalette.swift in Sources */ = {isa = PBXBuildFile; fileRef = 83F369C72DAFBF94009772EC /* CustomColorPalette.swift */; };
		83F369D62DAFC5BD009772EC /* CustomStrings.swift in Sources */ = {isa = PBXBuildFile; fileRef = 83F369D52DAFC5B9009772EC /* CustomStrings.swift */; };
		83F369DE2DAFCB44009772EC /* CustomFontScheme.swift in Sources */ = {isa = PBXBuildFile; fileRef = 83F369DD2DAFCB3E009772EC /* CustomFontScheme.swift */; };
/* End PBXBuildFile section */

/* Begin PBXFileReference section */
		8319D5F52DB5069100A38895 /* ChatViewModel.swift */ = {isa = PBXFileReference; lastKnownFileType = sourcecode.swift; path = ChatViewModel.swift; sourceTree = "<group>"; };
		8336C9A32A60210F006D8431 /* SSChatviewDemo.app */ = {isa = PBXFileReference; explicitFileType = wrapper.application; includeInIndex = 0; path = SSChatviewDemo.app; sourceTree = BUILT_PRODUCTS_DIR; };
		8336C9A62A60210F006D8431 /* SSChatViewApp.swift */ = {isa = PBXFileReference; lastKnownFileType = sourcecode.swift; path = SSChatViewApp.swift; sourceTree = "<group>"; };
		8336C9AD2A602110006D8431 /* Preview Assets.xcassets */ = {isa = PBXFileReference; lastKnownFileType = folder.assetcatalog; path = "Preview Assets.xcassets"; sourceTree = "<group>"; };
		83567EFA2DA8ED5600DFED9F /* ContentView.swift */ = {isa = PBXFileReference; lastKnownFileType = sourcecode.swift; path = ContentView.swift; sourceTree = "<group>"; };
		8360BAE12A791651002B0AEE /* Info.plist */ = {isa = PBXFileReference; lastKnownFileType = text.plist; path = Info.plist; sourceTree = "<group>"; };
		8384EA772DB2D75700AE024A /* SSChatview */ = {isa = PBXFileReference; lastKnownFileType = wrapper; name = SSChatview; path = ..; sourceTree = "<group>"; };
		83AC64BF2DA917EC00C7CABF /* Poppins-Bold.ttf */ = {isa = PBXFileReference; lastKnownFileType = file; path = "Poppins-Bold.ttf"; sourceTree = "<group>"; };
		83AC64C02DA917EC00C7CABF /* Poppins-Medium.ttf */ = {isa = PBXFileReference; lastKnownFileType = file; path = "Poppins-Medium.ttf"; sourceTree = "<group>"; };
		83AC64C12DA917EC00C7CABF /* Poppins-Regular.ttf */ = {isa = PBXFileReference; lastKnownFileType = file; path = "Poppins-Regular.ttf"; sourceTree = "<group>"; };
		83AC64C22DA917EC00C7CABF /* Poppins-SemiBold.ttf */ = {isa = PBXFileReference; lastKnownFileType = file; path = "Poppins-SemiBold.ttf"; sourceTree = "<group>"; };
		83AC64C32DA917EC00C7CABF /* Poppins-Thin.ttf */ = {isa = PBXFileReference; lastKnownFileType = file; path = "Poppins-Thin.ttf"; sourceTree = "<group>"; };
		83AC64C52DA917EC00C7CABF /* Assets.xcassets */ = {isa = PBXFileReference; lastKnownFileType = folder.assetcatalog; path = Assets.xcassets; sourceTree = "<group>"; };
		83AC64C62DA917EC00C7CABF /* Color.xcassets */ = {isa = PBXFileReference; lastKnownFileType = folder.assetcatalog; path = Color.xcassets; sourceTree = "<group>"; };
		83AC64C72DA917EC00C7CABF /* Localizable.strings */ = {isa = PBXFileReference; lastKnownFileType = text.plist.strings; path = Localizable.strings; sourceTree = "<group>"; };
		83D116972DB83BA00051A682 /* Constants.swift */ = {isa = PBXFileReference; lastKnownFileType = sourcecode.swift; path = Constants.swift; sourceTree = "<group>"; };
		83D150132DC0B5FD003BC990 /* ChatMessagesData.swift */ = {isa = PBXFileReference; lastKnownFileType = sourcecode.swift; path = ChatMessagesData.swift; sourceTree = "<group>"; };
		83D1501E2DC0C398003BC990 /* DateExtension.swift */ = {isa = PBXFileReference; lastKnownFileType = sourcecode.swift; path = DateExtension.swift; sourceTree = "<group>"; };
		83EB089B2DAFA0BB00A6781E /* CustomImageAssets.swift */ = {isa = PBXFileReference; lastKnownFileType = sourcecode.swift; path = CustomImageAssets.swift; sourceTree = "<group>"; };
		83F369C72DAFBF94009772EC /* CustomColorPalette.swift */ = {isa = PBXFileReference; lastKnownFileType = sourcecode.swift; path = CustomColorPalette.swift; sourceTree = "<group>"; };
		83F369D52DAFC5B9009772EC /* CustomStrings.swift */ = {isa = PBXFileReference; lastKnownFileType = sourcecode.swift; path = CustomStrings.swift; sourceTree = "<group>"; };
		83F369DD2DAFCB3E009772EC /* CustomFontScheme.swift */ = {isa = PBXFileReference; lastKnownFileType = sourcecode.swift; path = CustomFontScheme.swift; sourceTree = "<group>"; };
/* End PBXFileReference section */

/* Begin PBXFrameworksBuildPhase section */
		8336C9A02A60210F006D8431 /* Frameworks */ = {
			isa = PBXFrameworksBuildPhase;
			buildActionMask = 2147483647;
			files = (
				83A41DC92DACD72900A39C9F /* RswiftLibrary in Frameworks */,
				83A647212DB9797B0051B887 /* SSChatview in Frameworks */,
			);
			runOnlyForDeploymentPostprocessing = 0;
		};
/* End PBXFrameworksBuildPhase section */

/* Begin PBXGroup section */
		8336C99A2A60210F006D8431 = {
			isa = PBXGroup;
			children = (
				8336C9A52A60210F006D8431 /* SSChatviewDemo */,
				8336C9A42A60210F006D8431 /* Products */,
				89476420BA7024637795AE5C /* Frameworks */,
			);
			sourceTree = "<group>";
		};
		8336C9A42A60210F006D8431 /* Products */ = {
			isa = PBXGroup;
			children = (
				8336C9A32A60210F006D8431 /* SSChatviewDemo.app */,
			);
			name = Products;
			sourceTree = "<group>";
		};
		8336C9A52A60210F006D8431 /* SSChatviewDemo */ = {
			isa = PBXGroup;
			children = (
				8360BAE12A791651002B0AEE /* Info.plist */,
				83D116972DB83BA00051A682 /* Constants.swift */,
				83D150132DC0B5FD003BC990 /* ChatMessagesData.swift */,
				8319D5F52DB5069100A38895 /* ChatViewModel.swift */,
				83567EFA2DA8ED5600DFED9F /* ContentView.swift */,
				8336C9A62A60210F006D8431 /* SSChatViewApp.swift */,
				83F369C62DAFBF0F009772EC /* Helper */,
				83AC64C92DA917EC00C7CABF /* Resources */,
				8336C9AC2A602110006D8431 /* Preview Content */,
			);
			path = SSChatviewDemo;
			sourceTree = "<group>";
		};
		8336C9AC2A602110006D8431 /* Preview Content */ = {
			isa = PBXGroup;
			children = (
				8336C9AD2A602110006D8431 /* Preview Assets.xcassets */,
			);
			path = "Preview Content";
			sourceTree = "<group>";
		};
		83AC64C42DA917EC00C7CABF /* Fonts */ = {
			isa = PBXGroup;
			children = (
				83AC64BF2DA917EC00C7CABF /* Poppins-Bold.ttf */,
				83AC64C02DA917EC00C7CABF /* Poppins-Medium.ttf */,
				83AC64C12DA917EC00C7CABF /* Poppins-Regular.ttf */,
				83AC64C22DA917EC00C7CABF /* Poppins-SemiBold.ttf */,
				83AC64C32DA917EC00C7CABF /* Poppins-Thin.ttf */,
			);
			path = Fonts;
			sourceTree = "<group>";
		};
		83AC64C92DA917EC00C7CABF /* Resources */ = {
			isa = PBXGroup;
			children = (
				83AC64C42DA917EC00C7CABF /* Fonts */,
				83AC64C52DA917EC00C7CABF /* Assets.xcassets */,
				83AC64C62DA917EC00C7CABF /* Color.xcassets */,
				83AC64C72DA917EC00C7CABF /* Localizable.strings */,
			);
			name = Resources;
			path = SSChatViewDemo/Resources;
			sourceTree = SOURCE_ROOT;
		};
		83F369C62DAFBF0F009772EC /* Helper */ = {
			isa = PBXGroup;
			children = (
				83D1501E2DC0C398003BC990 /* DateExtension.swift */,
				83F369DD2DAFCB3E009772EC /* CustomFontScheme.swift */,
				83F369D52DAFC5B9009772EC /* CustomStrings.swift */,
				83F369C72DAFBF94009772EC /* CustomColorPalette.swift */,
				83EB089B2DAFA0BB00A6781E /* CustomImageAssets.swift */,
			);
			path = Helper;
			sourceTree = "<group>";
		};
		89476420BA7024637795AE5C /* Frameworks */ = {
			isa = PBXGroup;
			children = (
				8384EA772DB2D75700AE024A /* SSChatview */,
			);
			name = Frameworks;
			sourceTree = "<group>";
		};
/* End PBXGroup section */

/* Begin PBXNativeTarget section */
		8336C9A22A60210F006D8431 /* SSChatviewDemo */ = {
			isa = PBXNativeTarget;
			buildConfigurationList = 8336C9B12A602110006D8431 /* Build configuration list for PBXNativeTarget "SSChatviewDemo" */;
			buildPhases = (
				8336C99F2A60210F006D8431 /* Sources */,
				8336C9A02A60210F006D8431 /* Frameworks */,
				8336C9A12A60210F006D8431 /* Resources */,
			);
			buildRules = (
			);
			dependencies = (
				8341770F2DB98894002D136B /* PBXTargetDependency */,
			);
			name = SSChatviewDemo;
			productName = SSChatView;
			productReference = 8336C9A32A60210F006D8431 /* SSChatviewDemo.app */;
			productType = "com.apple.product-type.application";
		};
/* End PBXNativeTarget section */

/* Begin PBXProject section */
		8336C99B2A60210F006D8431 /* Project object */ = {
			isa = PBXProject;
			attributes = {
				BuildIndependentTargetsInParallel = 1;
				LastSwiftUpdateCheck = 1430;
				LastUpgradeCheck = 1620;
				TargetAttributes = {
					8336C9A22A60210F006D8431 = {
						CreatedOnToolsVersion = 14.3.1;
					};
				};
			};
			buildConfigurationList = 8336C99E2A60210F006D8431 /* Build configuration list for PBXProject "SSChatviewDemo" */;
			compatibilityVersion = "Xcode 14.0";
			developmentRegion = en;
			hasScannedForEncodings = 0;
			knownRegions = (
				en,
				Base,
			);
			mainGroup = 8336C99A2A60210F006D8431;
			packageReferences = (
				83A41DC72DACD72900A39C9F /* XCRemoteSwiftPackageReference "R.swift" */,
				833C5C1B2DAD7FCD00096278 /* XCRemoteSwiftPackageReference "SwiftLintPlugins" */,
				83A6471F2DB9797B0051B887 /* XCLocalSwiftPackageReference "../../SSChatview" */,
			);
			productRefGroup = 8336C9A42A60210F006D8431 /* Products */;
			projectDirPath = "";
			projectRoot = "";
			targets = (
				8336C9A22A60210F006D8431 /* SSChatviewDemo */,
			);
		};
/* End PBXProject section */

/* Begin PBXResourcesBuildPhase section */
		8336C9A12A60210F006D8431 /* Resources */ = {
			isa = PBXResourcesBuildPhase;
			buildActionMask = 2147483647;
			files = (
				8336C9AE2A602110006D8431 /* Preview Assets.xcassets in Resources */,
				83AC64CA2DA917EC00C7CABF /* Localizable.strings in Resources */,
				83AC64CB2DA917EC00C7CABF /* Poppins-Regular.ttf in Resources */,
				83AC64CC2DA917EC00C7CABF /* Poppins-Thin.ttf in Resources */,
				83AC64CD2DA917EC00C7CABF /* Poppins-SemiBold.ttf in Resources */,
				83AC64CE2DA917EC00C7CABF /* Poppins-Bold.ttf in Resources */,
				83AC64CF2DA917EC00C7CABF /* Color.xcassets in Resources */,
				83AC64D02DA917EC00C7CABF /* Poppins-Medium.ttf in Resources */,
				83AC64D12DA917EC00C7CABF /* Assets.xcassets in Resources */,
			);
			runOnlyForDeploymentPostprocessing = 0;
		};
/* End PBXResourcesBuildPhase section */

/* Begin PBXSourcesBuildPhase section */
		8336C99F2A60210F006D8431 /* Sources */ = {
			isa = PBXSourcesBuildPhase;
			buildActionMask = 2147483647;
			files = (
				83D150142DC0B603003BC990 /* ChatMessagesData.swift in Sources */,
				83D1501F2DC0C3A8003BC990 /* DateExtension.swift in Sources */,
				8336C9A72A60210F006D8431 /* SSChatViewApp.swift in Sources */,
				83F369DE2DAFCB44009772EC /* CustomFontScheme.swift in Sources */,
				8319D5F62DB5069900A38895 /* ChatViewModel.swift in Sources */,
				83F369D62DAFC5BD009772EC /* CustomStrings.swift in Sources */,
				83F369C82DAFBF9B009772EC /* CustomColorPalette.swift in Sources */,
				83567EFB2DA8ED5600DFED9F /* ContentView.swift in Sources */,
				83EB089C2DAFA0C100A6781E /* CustomImageAssets.swift in Sources */,
				83D116982DB83BA60051A682 /* Constants.swift in Sources */,
			);
			runOnlyForDeploymentPostprocessing = 0;
		};
/* End PBXSourcesBuildPhase section */

/* Begin PBXTargetDependency section */
		8341770F2DB98894002D136B /* PBXTargetDependency */ = {
			isa = PBXTargetDependency;
			productRef = 8341770E2DB98894002D136B /* RswiftGenerateInternalResources */;
		};
/* End PBXTargetDependency section */

/* Begin XCBuildConfiguration section */
		8336C9AF2A602110006D8431 /* Debug */ = {
			isa = XCBuildConfiguration;
			buildSettings = {
				ALWAYS_SEARCH_USER_PATHS = NO;
				CLANG_ANALYZER_NONNULL = YES;
				CLANG_ANALYZER_NUMBER_OBJECT_CONVERSION = YES_AGGRESSIVE;
				CLANG_CXX_LANGUAGE_STANDARD = "gnu++20";
				CLANG_ENABLE_MODULES = YES;
				CLANG_ENABLE_OBJC_ARC = YES;
				CLANG_ENABLE_OBJC_WEAK = YES;
				CLANG_WARN_BLOCK_CAPTURE_AUTORELEASING = YES;
				CLANG_WARN_BOOL_CONVERSION = YES;
				CLANG_WARN_COMMA = YES;
				CLANG_WARN_CONSTANT_CONVERSION = YES;
				CLANG_WARN_DEPRECATED_OBJC_IMPLEMENTATIONS = YES;
				CLANG_WARN_DIRECT_OBJC_ISA_USAGE = YES_ERROR;
				CLANG_WARN_DOCUMENTATION_COMMENTS = YES;
				CLANG_WARN_EMPTY_BODY = YES;
				CLANG_WARN_ENUM_CONVERSION = YES;
				CLANG_WARN_INFINITE_RECURSION = YES;
				CLANG_WARN_INT_CONVERSION = YES;
				CLANG_WARN_NON_LITERAL_NULL_CONVERSION = YES;
				CLANG_WARN_OBJC_IMPLICIT_RETAIN_SELF = YES;
				CLANG_WARN_OBJC_LITERAL_CONVERSION = YES;
				CLANG_WARN_OBJC_ROOT_CLASS = YES_ERROR;
				CLANG_WARN_QUOTED_INCLUDE_IN_FRAMEWORK_HEADER = YES;
				CLANG_WARN_RANGE_LOOP_ANALYSIS = YES;
				CLANG_WARN_STRICT_PROTOTYPES = YES;
				CLANG_WARN_SUSPICIOUS_MOVE = YES;
				CLANG_WARN_UNGUARDED_AVAILABILITY = YES_AGGRESSIVE;
				CLANG_WARN_UNREACHABLE_CODE = YES;
				CLANG_WARN__DUPLICATE_METHOD_MATCH = YES;
				COPY_PHASE_STRIP = NO;
				DEBUG_INFORMATION_FORMAT = dwarf;
				ENABLE_STRICT_OBJC_MSGSEND = YES;
				ENABLE_TESTABILITY = YES;
				ENABLE_USER_SCRIPT_SANDBOXING = YES;
				GCC_C_LANGUAGE_STANDARD = gnu11;
				GCC_DYNAMIC_NO_PIC = NO;
				GCC_NO_COMMON_BLOCKS = YES;
				GCC_OPTIMIZATION_LEVEL = 0;
				GCC_PREPROCESSOR_DEFINITIONS = (
					"DEBUG=1",
					"$(inherited)",
				);
				GCC_WARN_64_TO_32_BIT_CONVERSION = YES;
				GCC_WARN_ABOUT_RETURN_TYPE = YES_ERROR;
				GCC_WARN_UNDECLARED_SELECTOR = YES;
				GCC_WARN_UNINITIALIZED_AUTOS = YES_AGGRESSIVE;
				GCC_WARN_UNUSED_FUNCTION = YES;
				GCC_WARN_UNUSED_VARIABLE = YES;
				IPHONEOS_DEPLOYMENT_TARGET = 16.4;
				MTL_ENABLE_DEBUG_INFO = INCLUDE_SOURCE;
				MTL_FAST_MATH = YES;
				ONLY_ACTIVE_ARCH = YES;
				SDKROOT = iphoneos;
				SWIFT_ACTIVE_COMPILATION_CONDITIONS = DEBUG;
				SWIFT_OPTIMIZATION_LEVEL = "-Onone";
			};
			name = Debug;
		};
		8336C9B02A602110006D8431 /* Release */ = {
			isa = XCBuildConfiguration;
			buildSettings = {
				ALWAYS_SEARCH_USER_PATHS = NO;
				CLANG_ANALYZER_NONNULL = YES;
				CLANG_ANALYZER_NUMBER_OBJECT_CONVERSION = YES_AGGRESSIVE;
				CLANG_CXX_LANGUAGE_STANDARD = "gnu++20";
				CLANG_ENABLE_MODULES = YES;
				CLANG_ENABLE_OBJC_ARC = YES;
				CLANG_ENABLE_OBJC_WEAK = YES;
				CLANG_WARN_BLOCK_CAPTURE_AUTORELEASING = YES;
				CLANG_WARN_BOOL_CONVERSION = YES;
				CLANG_WARN_COMMA = YES;
				CLANG_WARN_CONSTANT_CONVERSION = YES;
				CLANG_WARN_DEPRECATED_OBJC_IMPLEMENTATIONS = YES;
				CLANG_WARN_DIRECT_OBJC_ISA_USAGE = YES_ERROR;
				CLANG_WARN_DOCUMENTATION_COMMENTS = YES;
				CLANG_WARN_EMPTY_BODY = YES;
				CLANG_WARN_ENUM_CONVERSION = YES;
				CLANG_WARN_INFINITE_RECURSION = YES;
				CLANG_WARN_INT_CONVERSION = YES;
				CLANG_WARN_NON_LITERAL_NULL_CONVERSION = YES;
				CLANG_WARN_OBJC_IMPLICIT_RETAIN_SELF = YES;
				CLANG_WARN_OBJC_LITERAL_CONVERSION = YES;
				CLANG_WARN_OBJC_ROOT_CLASS = YES_ERROR;
				CLANG_WARN_QUOTED_INCLUDE_IN_FRAMEWORK_HEADER = YES;
				CLANG_WARN_RANGE_LOOP_ANALYSIS = YES;
				CLANG_WARN_STRICT_PROTOTYPES = YES;
				CLANG_WARN_SUSPICIOUS_MOVE = YES;
				CLANG_WARN_UNGUARDED_AVAILABILITY = YES_AGGRESSIVE;
				CLANG_WARN_UNREACHABLE_CODE = YES;
				CLANG_WARN__DUPLICATE_METHOD_MATCH = YES;
				COPY_PHASE_STRIP = NO;
				DEBUG_INFORMATION_FORMAT = "dwarf-with-dsym";
				ENABLE_NS_ASSERTIONS = NO;
				ENABLE_STRICT_OBJC_MSGSEND = YES;
				ENABLE_USER_SCRIPT_SANDBOXING = YES;
				GCC_C_LANGUAGE_STANDARD = gnu11;
				GCC_NO_COMMON_BLOCKS = YES;
				GCC_WARN_64_TO_32_BIT_CONVERSION = YES;
				GCC_WARN_ABOUT_RETURN_TYPE = YES_ERROR;
				GCC_WARN_UNDECLARED_SELECTOR = YES;
				GCC_WARN_UNINITIALIZED_AUTOS = YES_AGGRESSIVE;
				GCC_WARN_UNUSED_FUNCTION = YES;
				GCC_WARN_UNUSED_VARIABLE = YES;
				IPHONEOS_DEPLOYMENT_TARGET = 16.4;
				MTL_ENABLE_DEBUG_INFO = NO;
				MTL_FAST_MATH = YES;
				SDKROOT = iphoneos;
				SWIFT_COMPILATION_MODE = wholemodule;
				SWIFT_OPTIMIZATION_LEVEL = "-O";
				VALIDATE_PRODUCT = YES;
			};
			name = Release;
		};
		8336C9B22A602110006D8431 /* Debug */ = {
			isa = XCBuildConfiguration;
			buildSettings = {
				ASSETCATALOG_COMPILER_APPICON_NAME = AppIcon;
				ASSETCATALOG_COMPILER_GLOBAL_ACCENT_COLOR_NAME = "";
				ASSETCATALOG_COMPILER_INCLUDE_ALL_APPICON_ASSETS = NO;
				CODE_SIGN_STYLE = Automatic;
				CURRENT_PROJECT_VERSION = 1;
				DEVELOPMENT_ASSET_PATHS = "\"SSChatViewDemo/Preview Content\"";
				DEVELOPMENT_TEAM = K7XJG666ZW;
				ENABLE_PREVIEWS = YES;
				GENERATE_INFOPLIST_FILE = YES;
				INFOPLIST_FILE = SSChatViewDemo/Info.plist;
				INFOPLIST_KEY_UIApplicationSceneManifest_Generation = YES;
				INFOPLIST_KEY_UIApplicationSupportsIndirectInputEvents = YES;
				INFOPLIST_KEY_UILaunchScreen_Generation = YES;
				INFOPLIST_KEY_UISupportedInterfaceOrientations = "UIInterfaceOrientationLandscapeLeft UIInterfaceOrientationLandscapeRight UIInterfaceOrientationPortrait UIInterfaceOrientationPortraitUpsideDown";
				IPHONEOS_DEPLOYMENT_TARGET = 17.6;
				LD_RUNPATH_SEARCH_PATHS = (
					"$(inherited)",
					"@executable_path/Frameworks",
				);
				MARKETING_VERSION = 1.0;
				PRODUCT_BUNDLE_IDENTIFIER = com.Simform.SSChatviewDemo;
				PRODUCT_NAME = "$(TARGET_NAME)";
				SUPPORTED_PLATFORMS = "iphoneos iphonesimulator";
				SUPPORTS_MACCATALYST = NO;
				SUPPORTS_MAC_DESIGNED_FOR_IPHONE_IPAD = NO;
				SUPPORTS_XR_DESIGNED_FOR_IPHONE_IPAD = NO;
				SWIFT_EMIT_LOC_STRINGS = YES;
				SWIFT_VERSION = 5.0;
				TARGETED_DEVICE_FAMILY = "1,2";
			};
			name = Debug;
		};
		8336C9B32A602110006D8431 /* Release */ = {
			isa = XCBuildConfiguration;
			buildSettings = {
				ASSETCATALOG_COMPILER_APPICON_NAME = AppIcon;
				ASSETCATALOG_COMPILER_GLOBAL_ACCENT_COLOR_NAME = "";
				ASSETCATALOG_COMPILER_INCLUDE_ALL_APPICON_ASSETS = NO;
				CODE_SIGN_STYLE = Automatic;
				CURRENT_PROJECT_VERSION = 1;
				DEVELOPMENT_ASSET_PATHS = "\"SSChatViewDemo/Preview Content\"";
				DEVELOPMENT_TEAM = K7XJG666ZW;
				ENABLE_PREVIEWS = YES;
				GENERATE_INFOPLIST_FILE = YES;
				INFOPLIST_FILE = SSChatViewDemo/Info.plist;
				INFOPLIST_KEY_UIApplicationSceneManifest_Generation = YES;
				INFOPLIST_KEY_UIApplicationSupportsIndirectInputEvents = YES;
				INFOPLIST_KEY_UILaunchScreen_Generation = YES;
				INFOPLIST_KEY_UISupportedInterfaceOrientations = "UIInterfaceOrientationLandscapeLeft UIInterfaceOrientationLandscapeRight UIInterfaceOrientationPortrait UIInterfaceOrientationPortraitUpsideDown";
				IPHONEOS_DEPLOYMENT_TARGET = 17.6;
				LD_RUNPATH_SEARCH_PATHS = (
					"$(inherited)",
					"@executable_path/Frameworks",
				);
				MARKETING_VERSION = 1.0;
				PRODUCT_BUNDLE_IDENTIFIER = com.Simform.SSChatviewDemo;
				PRODUCT_NAME = "$(TARGET_NAME)";
				SUPPORTED_PLATFORMS = "iphoneos iphonesimulator";
				SUPPORTS_MACCATALYST = NO;
				SUPPORTS_MAC_DESIGNED_FOR_IPHONE_IPAD = NO;
				SUPPORTS_XR_DESIGNED_FOR_IPHONE_IPAD = NO;
				SWIFT_EMIT_LOC_STRINGS = YES;
				SWIFT_VERSION = 5.0;
				TARGETED_DEVICE_FAMILY = "1,2";
			};
			name = Release;
		};
/* End XCBuildConfiguration section */

/* Begin XCConfigurationList section */
		8336C99E2A60210F006D8431 /* Build configuration list for PBXProject "SSChatviewDemo" */ = {
			isa = XCConfigurationList;
			buildConfigurations = (
				8336C9AF2A602110006D8431 /* Debug */,
				8336C9B02A602110006D8431 /* Release */,
			);
			defaultConfigurationIsVisible = 0;
			defaultConfigurationName = Release;
		};
		8336C9B12A602110006D8431 /* Build configuration list for PBXNativeTarget "SSChatviewDemo" */ = {
			isa = XCConfigurationList;
			buildConfigurations = (
				8336C9B22A602110006D8431 /* Debug */,
				8336C9B32A602110006D8431 /* Release */,
			);
			defaultConfigurationIsVisible = 0;
			defaultConfigurationName = Release;
		};
/* End XCConfigurationList section */

/* Begin XCLocalSwiftPackageReference section */
		83A6471F2DB9797B0051B887 /* XCLocalSwiftPackageReference "../../SSChatview" */ = {
			isa = XCLocalSwiftPackageReference;
			relativePath = ../../SSChatview;
		};
/* End XCLocalSwiftPackageReference section */

/* Begin XCRemoteSwiftPackageReference section */
		833C5C1B2DAD7FCD00096278 /* XCRemoteSwiftPackageReference "SwiftLintPlugins" */ = {
			isa = XCRemoteSwiftPackageReference;
			repositoryURL = "https://github.com/SimplyDanny/SwiftLintPlugins";
			requirement = {
				kind = upToNextMajorVersion;
				minimumVersion = 0.59.0;
			};
		};
		83A41DC72DACD72900A39C9F /* XCRemoteSwiftPackageReference "R.swift" */ = {
			isa = XCRemoteSwiftPackageReference;
			repositoryURL = "https://github.com/mac-cain13/R.swift.git";
			requirement = {
				kind = upToNextMajorVersion;
				minimumVersion = 7.8.0;
			};
		};
/* End XCRemoteSwiftPackageReference section */

/* Begin XCSwiftPackageProductDependency section */
		8341770E2DB98894002D136B /* RswiftGenerateInternalResources */ = {
			isa = XCSwiftPackageProductDependency;
			package = 83A41DC72DACD72900A39C9F /* XCRemoteSwiftPackageReference "R.swift" */;
			productName = "plugin:RswiftGenerateInternalResources";
		};
		83A41DC82DACD72900A39C9F /* RswiftLibrary */ = {
			isa = XCSwiftPackageProductDependency;
			package = 83A41DC72DACD72900A39C9F /* XCRemoteSwiftPackageReference "R.swift" */;
			productName = RswiftLibrary;
		};
		83A647202DB9797B0051B887 /* SSChatview */ = {
			isa = XCSwiftPackageProductDependency;
			productName = SSChatview;
		};
/* End XCSwiftPackageProductDependency section */
	};
	rootObject = 8336C99B2A60210F006D8431 /* Project object */;
}
